
Microsoft Visual Studio Solution File, Format Version 12.00
# Visual Studio Version 17
VisualStudioVersion = 17.5.33530.505
MinimumVisualStudioVersion = 10.0.40219.1
Project("{FAE04EC0-301F-11D3-BF4B-00C04F79EFBC}") = "MajorTest", "MajorTest\MajorTest.csproj", "{A2688231-5A6A-48DC-88D0-82D7931CE5D0}"
EndProject
Global
	GlobalSection(SolutionConfigurationPlatforms) = preSolution
		Debug|Any CPU = Debug|Any CPU
		Release|Any CPU = Release|Any CPU
	EndGlobalSection
	GlobalSection(ProjectConfigurationPlatforms) = postSolution
		{A2688231-5A6A-48DC-88D0-82D7931CE5D0}.Debug|Any CPU.ActiveCfg = Debug|Any CPU
		{A2688231-5A6A-48DC-88D0-82D7931CE5D0}.Debug|Any CPU.Build.0 = Debug|Any CPU
		{A2688231-5A6A-48DC-88D0-82D7931CE5D0}.Release|Any CPU.ActiveCfg = Release|Any CPU
		{A2688231-5A6A-48DC-88D0-82D7931CE5D0}.Release|Any CPU.Build.0 = Release|Any CPU
	EndGlobalSection
	GlobalSection(SolutionProperties) = preSolution
		HideSolutionNode = FALSE
	EndGlobalSection
	GlobalSection(ExtensibilityGlobals) = postSolution
		SolutionGuid = {4F068B1D-6958-4877-AD48-D3384A67B3DB}
	EndGlobalSection
EndGlobal
